// !$*UTF8*$!
{
	archiveVersion = 1;
	classes = {
	};
	objectVersion = 54;
	objects = {

/* Begin PBXBuildFile section */
		00E356F31AD99517003FC87E /* PetsPlanetTests.m in Sources */ = {isa = PBXBuildFile; fileRef = 00E356F21AD99517003FC87E /* PetsPlanetTests.m */; };
		13B07FBC1A68108700A75B9A /* AppDelegate.m in Sources */ = {isa = PBXBuildFile; fileRef = 13B07FB01A68108700A75B9A /* AppDelegate.m */; };
		13B07FBF1A68108700A75B9A /* Images.xcassets in Resources */ = {isa = PBXBuildFile; fileRef = 13B07FB51A68108700A75B9A /* Images.xcassets */; };
		13B07FC11A68108700A75B9A /* main.m in Sources */ = {isa = PBXBuildFile; fileRef = 13B07FB71A68108700A75B9A /* main.m */; };
		81AB9BB82411601600AC10FF /* LaunchScreen.storyboard in Resources */ = {isa = PBXBuildFile; fileRef = 81AB9BB72411601600AC10FF /* LaunchScreen.storyboard */; };
		8812A913291D006100CE8B78 /* Lato-LightItalic.ttf in Resources */ = {isa = PBXBuildFile; fileRef = 8812A901291D005B00CE8B78 /* Lato-LightItalic.ttf */; };
		8812A914291D006100CE8B78 /* Lato-Semibold.ttf in Resources */ = {isa = PBXBuildFile; fileRef = 8812A902291D005B00CE8B78 /* Lato-Semibold.ttf */; };
		8812A915291D006100CE8B78 /* Lato-Medium.ttf in Resources */ = {isa = PBXBuildFile; fileRef = 8812A903291D005C00CE8B78 /* Lato-Medium.ttf */; };
		8812A916291D006100CE8B78 /* Lato-BlackItalic.ttf in Resources */ = {isa = PBXBuildFile; fileRef = 8812A904291D005C00CE8B78 /* Lato-BlackItalic.ttf */; };
		8812A917291D006100CE8B78 /* Lato-Italic.ttf in Resources */ = {isa = PBXBuildFile; fileRef = 8812A905291D005C00CE8B78 /* Lato-Italic.ttf */; };
		8812A918291D006100CE8B78 /* Lato-Black.ttf in Resources */ = {isa = PBXBuildFile; fileRef = 8812A906291D005D00CE8B78 /* Lato-Black.ttf */; };
		8812A919291D006100CE8B78 /* Lato-BoldItalic.ttf in Resources */ = {isa = PBXBuildFile; fileRef = 8812A907291D005D00CE8B78 /* Lato-BoldItalic.ttf */; };
		8812A91A291D006100CE8B78 /* Lato-HairlineItalic.ttf in Resources */ = {isa = PBXBuildFile; fileRef = 8812A908291D005D00CE8B78 /* Lato-HairlineItalic.ttf */; };
		8812A91B291D006100CE8B78 /* Lato-Heavy.ttf in Resources */ = {isa = PBXBuildFile; fileRef = 8812A909291D005D00CE8B78 /* Lato-Heavy.ttf */; };
		8812A91C291D006100CE8B78 /* Lato-ThinItalic.ttf in Resources */ = {isa = PBXBuildFile; fileRef = 8812A90A291D005E00CE8B78 /* Lato-ThinItalic.ttf */; };
		8812A91D291D006100CE8B78 /* Lato-Hairline.ttf in Resources */ = {isa = PBXBuildFile; fileRef = 8812A90B291D005E00CE8B78 /* Lato-Hairline.ttf */; };
		8812A91E291D006100CE8B78 /* Lato-HeavyItalic.ttf in Resources */ = {isa = PBXBuildFile; fileRef = 8812A90C291D005E00CE8B78 /* Lato-HeavyItalic.ttf */; };
		8812A91F291D006100CE8B78 /* Lato-SemiboldItalic.ttf in Resources */ = {isa = PBXBuildFile; fileRef = 8812A90D291D005E00CE8B78 /* Lato-SemiboldItalic.ttf */; };
		8812A920291D006100CE8B78 /* Lato-Thin.ttf in Resources */ = {isa = PBXBuildFile; fileRef = 8812A90E291D005F00CE8B78 /* Lato-Thin.ttf */; };
		8812A921291D006100CE8B78 /* Lato-Regular.ttf in Resources */ = {isa = PBXBuildFile; fileRef = 8812A90F291D005F00CE8B78 /* Lato-Regular.ttf */; };
		8812A922291D006100CE8B78 /* Lato-Bold.ttf in Resources */ = {isa = PBXBuildFile; fileRef = 8812A910291D005F00CE8B78 /* Lato-Bold.ttf */; };
		8812A923291D006100CE8B78 /* Lato-Light.ttf in Resources */ = {isa = PBXBuildFile; fileRef = 8812A911291D006000CE8B78 /* Lato-Light.ttf */; };
		8812A924291D006100CE8B78 /* Lato-MediumItalic.ttf in Resources */ = {isa = PBXBuildFile; fileRef = 8812A912291D006000CE8B78 /* Lato-MediumItalic.ttf */; };
		8B4B9EEA4EC75A13A7E3E656 /* libPods-PetsPlanet.a in Frameworks */ = {isa = PBXBuildFile; fileRef = 666F12D7BA74FE1331854EA1 /* libPods-PetsPlanet.a */; };
		8DDC8D864EE91D0CE2541D65 /* libPods-PetsPlanet-PetsPlanetTests.a in Frameworks */ = {isa = PBXBuildFile; fileRef = A1082FE525FE038BE416B86F /* libPods-PetsPlanet-PetsPlanetTests.a */; };
/* End PBXBuildFile section */

/* Begin PBXContainerItemProxy section */
		00E356F41AD99517003FC87E /* PBXContainerItemProxy */ = {
			isa = PBXContainerItemProxy;
			containerPortal = 83CBB9F71A601CBA00E9B192 /* Project object */;
			proxyType = 1;
			remoteGlobalIDString = 13B07F861A680F5B00A75B9A;
			remoteInfo = PetsPlanet;
		};
/* End PBXContainerItemProxy section */

/* Begin PBXFileReference section */
		00E356EE1AD99517003FC87E /* PetsPlanetTests.xctest */ = {isa = PBXFileReference; explicitFileType = wrapper.cfbundle; includeInIndex = 0; path = PetsPlanetTests.xctest; sourceTree = BUILT_PRODUCTS_DIR; };
		00E356F11AD99517003FC87E /* Info.plist */ = {isa = PBXFileReference; lastKnownFileType = text.plist.xml; path = Info.plist; sourceTree = "<group>"; };
		00E356F21AD99517003FC87E /* PetsPlanetTests.m */ = {isa = PBXFileReference; lastKnownFileType = sourcecode.c.objc; path = PetsPlanetTests.m; sourceTree = "<group>"; };
		0FC24971D5D8775EC52FDB00 /* Pods-PetsPlanet-PetsPlanetTests.debug.xcconfig */ = {isa = PBXFileReference; includeInIndex = 1; lastKnownFileType = text.xcconfig; name = "Pods-PetsPlanet-PetsPlanetTests.debug.xcconfig"; path = "Target Support Files/Pods-PetsPlanet-PetsPlanetTests/Pods-PetsPlanet-PetsPlanetTests.debug.xcconfig"; sourceTree = "<group>"; };
		13B07F961A680F5B00A75B9A /* PetsPlanet.app */ = {isa = PBXFileReference; explicitFileType = wrapper.application; includeInIndex = 0; path = PetsPlanet.app; sourceTree = BUILT_PRODUCTS_DIR; };
		13B07FAF1A68108700A75B9A /* AppDelegate.h */ = {isa = PBXFileReference; fileEncoding = 4; lastKnownFileType = sourcecode.c.h; name = AppDelegate.h; path = PetsPlanet/AppDelegate.h; sourceTree = "<group>"; };
		13B07FB01A68108700A75B9A /* AppDelegate.m */ = {isa = PBXFileReference; fileEncoding = 4; lastKnownFileType = sourcecode.c.objc; name = AppDelegate.m; path = PetsPlanet/AppDelegate.m; sourceTree = "<group>"; };
		13B07FB51A68108700A75B9A /* Images.xcassets */ = {isa = PBXFileReference; lastKnownFileType = folder.assetcatalog; name = Images.xcassets; path = PetsPlanet/Images.xcassets; sourceTree = "<group>"; };
		13B07FB61A68108700A75B9A /* Info.plist */ = {isa = PBXFileReference; fileEncoding = 4; lastKnownFileType = text.plist.xml; name = Info.plist; path = PetsPlanet/Info.plist; sourceTree = "<group>"; };
		13B07FB71A68108700A75B9A /* main.m */ = {isa = PBXFileReference; fileEncoding = 4; lastKnownFileType = sourcecode.c.objc; name = main.m; path = PetsPlanet/main.m; sourceTree = "<group>"; };
		14AB677D74B6B9E366077BB4 /* Pods-PetsPlanet-PetsPlanetTests.release.xcconfig */ = {isa = PBXFileReference; includeInIndex = 1; lastKnownFileType = text.xcconfig; name = "Pods-PetsPlanet-PetsPlanetTests.release.xcconfig"; path = "Target Support Files/Pods-PetsPlanet-PetsPlanetTests/Pods-PetsPlanet-PetsPlanetTests.release.xcconfig"; sourceTree = "<group>"; };
		2DCDFA367B238E5127A3D8E3 /* Pods-PetsPlanet.debug.xcconfig */ = {isa = PBXFileReference; includeInIndex = 1; lastKnownFileType = text.xcconfig; name = "Pods-PetsPlanet.debug.xcconfig"; path = "Target Support Files/Pods-PetsPlanet/Pods-PetsPlanet.debug.xcconfig"; sourceTree = "<group>"; };
		666F12D7BA74FE1331854EA1 /* libPods-PetsPlanet.a */ = {isa = PBXFileReference; explicitFileType = archive.ar; includeInIndex = 0; path = "libPods-PetsPlanet.a"; sourceTree = BUILT_PRODUCTS_DIR; };
		81AB9BB72411601600AC10FF /* LaunchScreen.storyboard */ = {isa = PBXFileReference; fileEncoding = 4; lastKnownFileType = file.storyboard; name = LaunchScreen.storyboard; path = PetsPlanet/LaunchScreen.storyboard; sourceTree = "<group>"; };
		8812A901291D005B00CE8B78 /* Lato-LightItalic.ttf */ = {isa = PBXFileReference; lastKnownFileType = file; name = "Lato-LightItalic.ttf"; path = "../../src/assets/fonts/Lato-LightItalic.ttf"; sourceTree = "<group>"; };
		8812A902291D005B00CE8B78 /* Lato-Semibold.ttf */ = {isa = PBXFileReference; lastKnownFileType = file; name = "Lato-Semibold.ttf"; path = "../../src/assets/fonts/Lato-Semibold.ttf"; sourceTree = "<group>"; };
		8812A903291D005C00CE8B78 /* Lato-Medium.ttf */ = {isa = PBXFileReference; lastKnownFileType = file; name = "Lato-Medium.ttf"; path = "../../src/assets/fonts/Lato-Medium.ttf"; sourceTree = "<group>"; };
		8812A904291D005C00CE8B78 /* Lato-BlackItalic.ttf */ = {isa = PBXFileReference; lastKnownFileType = file; name = "Lato-BlackItalic.ttf"; path = "../../src/assets/fonts/Lato-BlackItalic.ttf"; sourceTree = "<group>"; };
		8812A905291D005C00CE8B78 /* Lato-Italic.ttf */ = {isa = PBXFileReference; lastKnownFileType = file; name = "Lato-Italic.ttf"; path = "../../src/assets/fonts/Lato-Italic.ttf"; sourceTree = "<group>"; };
		8812A906291D005D00CE8B78 /* Lato-Black.ttf */ = {isa = PBXFileReference; lastKnownFileType = file; name = "Lato-Black.ttf"; path = "../../src/assets/fonts/Lato-Black.ttf"; sourceTree = "<group>"; };
		8812A907291D005D00CE8B78 /* Lato-BoldItalic.ttf */ = {isa = PBXFileReference; lastKnownFileType = file; name = "Lato-BoldItalic.ttf"; path = "../../src/assets/fonts/Lato-BoldItalic.ttf"; sourceTree = "<group>"; };
		8812A908291D005D00CE8B78 /* Lato-HairlineItalic.ttf */ = {isa = PBXFileReference; lastKnownFileType = file; name = "Lato-HairlineItalic.ttf"; path = "../../src/assets/fonts/Lato-HairlineItalic.ttf"; sourceTree = "<group>"; };
		8812A909291D005D00CE8B78 /* Lato-Heavy.ttf */ = {isa = PBXFileReference; lastKnownFileType = file; name = "Lato-Heavy.ttf"; path = "../../src/assets/fonts/Lato-Heavy.ttf"; sourceTree = "<group>"; };
		8812A90A291D005E00CE8B78 /* Lato-ThinItalic.ttf */ = {isa = PBXFileReference; lastKnownFileType = file; name = "Lato-ThinItalic.ttf"; path = "../../src/assets/fonts/Lato-ThinItalic.ttf"; sourceTree = "<group>"; };
		8812A90B291D005E00CE8B78 /* Lato-Hairline.ttf */ = {isa = PBXFileReference; lastKnownFileType = file; name = "Lato-Hairline.ttf"; path = "../../src/assets/fonts/Lato-Hairline.ttf"; sourceTree = "<group>"; };
		8812A90C291D005E00CE8B78 /* Lato-HeavyItalic.ttf */ = {isa = PBXFileReference; lastKnownFileType = file; name = "Lato-HeavyItalic.ttf"; path = "../../src/assets/fonts/Lato-HeavyItalic.ttf"; sourceTree = "<group>"; };
		8812A90D291D005E00CE8B78 /* Lato-SemiboldItalic.ttf */ = {isa = PBXFileReference; lastKnownFileType = file; name = "Lato-SemiboldItalic.ttf"; path = "../../src/assets/fonts/Lato-SemiboldItalic.ttf"; sourceTree = "<group>"; };
		8812A90E291D005F00CE8B78 /* Lato-Thin.ttf */ = {isa = PBXFileReference; lastKnownFileType = file; name = "Lato-Thin.ttf"; path = "../../src/assets/fonts/Lato-Thin.ttf"; sourceTree = "<group>"; };
		8812A90F291D005F00CE8B78 /* Lato-Regular.ttf */ = {isa = PBXFileReference; lastKnownFileType = file; name = "Lato-Regular.ttf"; path = "../../src/assets/fonts/Lato-Regular.ttf"; sourceTree = "<group>"; };
		8812A910291D005F00CE8B78 /* Lato-Bold.ttf */ = {isa = PBXFileReference; lastKnownFileType = file; name = "Lato-Bold.ttf"; path = "../../src/assets/fonts/Lato-Bold.ttf"; sourceTree = "<group>"; };
		8812A911291D006000CE8B78 /* Lato-Light.ttf */ = {isa = PBXFileReference; lastKnownFileType = file; name = "Lato-Light.ttf"; path = "../../src/assets/fonts/Lato-Light.ttf"; sourceTree = "<group>"; };
		8812A912291D006000CE8B78 /* Lato-MediumItalic.ttf */ = {isa = PBXFileReference; lastKnownFileType = file; name = "Lato-MediumItalic.ttf"; path = "../../src/assets/fonts/Lato-MediumItalic.ttf"; sourceTree = "<group>"; };
		953CBC4CEF858A45346E76EF /* Pods-PetsPlanet.release.xcconfig */ = {isa = PBXFileReference; includeInIndex = 1; lastKnownFileType = text.xcconfig; name = "Pods-PetsPlanet.release.xcconfig"; path = "Target Support Files/Pods-PetsPlanet/Pods-PetsPlanet.release.xcconfig"; sourceTree = "<group>"; };
		A1082FE525FE038BE416B86F /* libPods-PetsPlanet-PetsPlanetTests.a */ = {isa = PBXFileReference; explicitFileType = archive.ar; includeInIndex = 0; path = "libPods-PetsPlanet-PetsPlanetTests.a"; sourceTree = BUILT_PRODUCTS_DIR; };
		ED297162215061F000B7C4FE /* JavaScriptCore.framework */ = {isa = PBXFileReference; lastKnownFileType = wrapper.framework; name = JavaScriptCore.framework; path = System/Library/Frameworks/JavaScriptCore.framework; sourceTree = SDKROOT; };
		FA15CD8627B0212900121346 /* FontAwesome.ttf */ = {isa = PBXFileReference; lastKnownFileType = file; path = FontAwesome.ttf; sourceTree = "<group>"; };
		FA15CD8727B0212A00121346 /* AntDesign.ttf */ = {isa = PBXFileReference; lastKnownFileType = file; path = AntDesign.ttf; sourceTree = "<group>"; };
		FA15CD8827B0212A00121346 /* Feather.ttf */ = {isa = PBXFileReference; lastKnownFileType = file; path = Feather.ttf; sourceTree = "<group>"; };
		FA15CD8927B0212A00121346 /* Entypo.ttf */ = {isa = PBXFileReference; lastKnownFileType = file; path = Entypo.ttf; sourceTree = "<group>"; };
		FA15CD8A27B0212A00121346 /* MaterialIcons.ttf */ = {isa = PBXFileReference; lastKnownFileType = file; path = MaterialIcons.ttf; sourceTree = "<group>"; };
		FA15CD8B27B0212A00121346 /* MaterialCommunityIcons.ttf */ = {isa = PBXFileReference; lastKnownFileType = file; path = MaterialCommunityIcons.ttf; sourceTree = "<group>"; };
		FA15CD8C27B0212A00121346 /* Ionicons.ttf */ = {isa = PBXFileReference; lastKnownFileType = file; path = Ionicons.ttf; sourceTree = "<group>"; };
		FA15CD8D27B0212A00121346 /* Octicons.ttf */ = {isa = PBXFileReference; lastKnownFileType = file; path = Octicons.ttf; sourceTree = "<group>"; };
		FA15CD8E27B0212A00121346 /* FontAwesome5_Brands.ttf */ = {isa = PBXFileReference; lastKnownFileType = file; path = FontAwesome5_Brands.ttf; sourceTree = "<group>"; };
		FA15CD8F27B0212A00121346 /* EvilIcons.ttf */ = {isa = PBXFileReference; lastKnownFileType = file; path = EvilIcons.ttf; sourceTree = "<group>"; };
		FA15CD9027B0212A00121346 /* Zocial.ttf */ = {isa = PBXFileReference; lastKnownFileType = file; path = Zocial.ttf; sourceTree = "<group>"; };
		FA15CD9127B0212A00121346 /* Foundation.ttf */ = {isa = PBXFileReference; lastKnownFileType = file; path = Foundation.ttf; sourceTree = "<group>"; };
		FA15CD9227B0212A00121346 /* Fontisto.ttf */ = {isa = PBXFileReference; lastKnownFileType = file; path = Fontisto.ttf; sourceTree = "<group>"; };
		FA15CD9327B0212A00121346 /* FontAwesome5_Regular.ttf */ = {isa = PBXFileReference; lastKnownFileType = file; path = FontAwesome5_Regular.ttf; sourceTree = "<group>"; };
		FA15CD9427B0212A00121346 /* FontAwesome5_Solid.ttf */ = {isa = PBXFileReference; lastKnownFileType = file; path = FontAwesome5_Solid.ttf; sourceTree = "<group>"; };
		FA15CD9527B0212A00121346 /* SimpleLineIcons.ttf */ = {isa = PBXFileReference; lastKnownFileType = file; path = SimpleLineIcons.ttf; sourceTree = "<group>"; };
/* End PBXFileReference section */

/* Begin PBXFrameworksBuildPhase section */
		00E356EB1AD99517003FC87E /* Frameworks */ = {
			isa = PBXFrameworksBuildPhase;
			buildActionMask = 2147483647;
			files = (
				8DDC8D864EE91D0CE2541D65 /* libPods-PetsPlanet-PetsPlanetTests.a in Frameworks */,
			);
			runOnlyForDeploymentPostprocessing = 0;
		};
		13B07F8C1A680F5B00A75B9A /* Frameworks */ = {
			isa = PBXFrameworksBuildPhase;
			buildActionMask = 2147483647;
			files = (
				8B4B9EEA4EC75A13A7E3E656 /* libPods-PetsPlanet.a in Frameworks */,
			);
			runOnlyForDeploymentPostprocessing = 0;
		};
/* End PBXFrameworksBuildPhase section */

/* Begin PBXGroup section */
		00E356EF1AD99517003FC87E /* PetsPlanetTests */ = {
			isa = PBXGroup;
			children = (
				00E356F21AD99517003FC87E /* PetsPlanetTests.m */,
				00E356F01AD99517003FC87E /* Supporting Files */,
			);
			path = PetsPlanetTests;
			sourceTree = "<group>";
		};
		00E356F01AD99517003FC87E /* Supporting Files */ = {
			isa = PBXGroup;
			children = (
				00E356F11AD99517003FC87E /* Info.plist */,
			);
			name = "Supporting Files";
			sourceTree = "<group>";
		};
		13B07FAE1A68108700A75B9A /* PetsPlanet */ = {
			isa = PBXGroup;
			children = (
				FA15CD8527B0208800121346 /* Fonts */,
				13B07FAF1A68108700A75B9A /* AppDelegate.h */,
				13B07FB01A68108700A75B9A /* AppDelegate.m */,
				13B07FB51A68108700A75B9A /* Images.xcassets */,
				13B07FB61A68108700A75B9A /* Info.plist */,
				81AB9BB72411601600AC10FF /* LaunchScreen.storyboard */,
				13B07FB71A68108700A75B9A /* main.m */,
			);
			name = PetsPlanet;
			sourceTree = "<group>";
		};
		2D16E6871FA4F8E400B85C8A /* Frameworks */ = {
			isa = PBXGroup;
			children = (
				ED297162215061F000B7C4FE /* JavaScriptCore.framework */,
				666F12D7BA74FE1331854EA1 /* libPods-PetsPlanet.a */,
				A1082FE525FE038BE416B86F /* libPods-PetsPlanet-PetsPlanetTests.a */,
			);
			name = Frameworks;
			sourceTree = "<group>";
		};
		4DF9EC7AA21ED1009C90607D /* Pods */ = {
			isa = PBXGroup;
			children = (
				2DCDFA367B238E5127A3D8E3 /* Pods-PetsPlanet.debug.xcconfig */,
				953CBC4CEF858A45346E76EF /* Pods-PetsPlanet.release.xcconfig */,
				0FC24971D5D8775EC52FDB00 /* Pods-PetsPlanet-PetsPlanetTests.debug.xcconfig */,
				14AB677D74B6B9E366077BB4 /* Pods-PetsPlanet-PetsPlanetTests.release.xcconfig */,
			);
			path = Pods;
			sourceTree = "<group>";
		};
		832341AE1AAA6A7D00B99B32 /* Libraries */ = {
			isa = PBXGroup;
			children = (
			);
			name = Libraries;
			sourceTree = "<group>";
		};
		83CBB9F61A601CBA00E9B192 = {
			isa = PBXGroup;
			children = (
				8812A900291CFFF800CE8B78 /* Resources */,
				13B07FAE1A68108700A75B9A /* PetsPlanet */,
				832341AE1AAA6A7D00B99B32 /* Libraries */,
				00E356EF1AD99517003FC87E /* PetsPlanetTests */,
				83CBBA001A601CBA00E9B192 /* Products */,
				2D16E6871FA4F8E400B85C8A /* Frameworks */,
				4DF9EC7AA21ED1009C90607D /* Pods */,
			);
			indentWidth = 2;
			sourceTree = "<group>";
			tabWidth = 2;
			usesTabs = 0;
		};
		83CBBA001A601CBA00E9B192 /* Products */ = {
			isa = PBXGroup;
			children = (
				13B07F961A680F5B00A75B9A /* PetsPlanet.app */,
				00E356EE1AD99517003FC87E /* PetsPlanetTests.xctest */,
			);
			name = Products;
			sourceTree = "<group>";
		};
		8812A900291CFFF800CE8B78 /* Resources */ = {
			isa = PBXGroup;
			children = (
				8812A906291D005D00CE8B78 /* Lato-Black.ttf */,
				8812A904291D005C00CE8B78 /* Lato-BlackItalic.ttf */,
				8812A910291D005F00CE8B78 /* Lato-Bold.ttf */,
				8812A907291D005D00CE8B78 /* Lato-BoldItalic.ttf */,
				8812A90B291D005E00CE8B78 /* Lato-Hairline.ttf */,
				8812A908291D005D00CE8B78 /* Lato-HairlineItalic.ttf */,
				8812A909291D005D00CE8B78 /* Lato-Heavy.ttf */,
				8812A90C291D005E00CE8B78 /* Lato-HeavyItalic.ttf */,
				8812A905291D005C00CE8B78 /* Lato-Italic.ttf */,
				8812A911291D006000CE8B78 /* Lato-Light.ttf */,
				8812A901291D005B00CE8B78 /* Lato-LightItalic.ttf */,
				8812A903291D005C00CE8B78 /* Lato-Medium.ttf */,
				8812A912291D006000CE8B78 /* Lato-MediumItalic.ttf */,
				8812A90F291D005F00CE8B78 /* Lato-Regular.ttf */,
				8812A902291D005B00CE8B78 /* Lato-Semibold.ttf */,
				8812A90D291D005E00CE8B78 /* Lato-SemiboldItalic.ttf */,
				8812A90E291D005F00CE8B78 /* Lato-Thin.ttf */,
				8812A90A291D005E00CE8B78 /* Lato-ThinItalic.ttf */,
			);
			path = Resources;
			sourceTree = "<group>";
		};
		FA15CD8527B0208800121346 /* Fonts */ = {
			isa = PBXGroup;
			children = (
				FA15CD8727B0212A00121346 /* AntDesign.ttf */,
				FA15CD8927B0212A00121346 /* Entypo.ttf */,
				FA15CD8F27B0212A00121346 /* EvilIcons.ttf */,
				FA15CD8827B0212A00121346 /* Feather.ttf */,
				FA15CD8627B0212900121346 /* FontAwesome.ttf */,
				FA15CD8E27B0212A00121346 /* FontAwesome5_Brands.ttf */,
				FA15CD9327B0212A00121346 /* FontAwesome5_Regular.ttf */,
				FA15CD9427B0212A00121346 /* FontAwesome5_Solid.ttf */,
				FA15CD9227B0212A00121346 /* Fontisto.ttf */,
				FA15CD9127B0212A00121346 /* Foundation.ttf */,
				FA15CD8C27B0212A00121346 /* Ionicons.ttf */,
				FA15CD8B27B0212A00121346 /* MaterialCommunityIcons.ttf */,
				FA15CD8A27B0212A00121346 /* MaterialIcons.ttf */,
				FA15CD8D27B0212A00121346 /* Octicons.ttf */,
				FA15CD9527B0212A00121346 /* SimpleLineIcons.ttf */,
				FA15CD9027B0212A00121346 /* Zocial.ttf */,
			);
			name = Fonts;
			sourceTree = "<group>";
		};
/* End PBXGroup section */

/* Begin PBXNativeTarget section */
		00E356ED1AD99517003FC87E /* PetsPlanetTests */ = {
			isa = PBXNativeTarget;
			buildConfigurationList = 00E357021AD99517003FC87E /* Build configuration list for PBXNativeTarget "PetsPlanetTests" */;
			buildPhases = (
				DA241AB8E47A1432E3812E13 /* [CP] Check Pods Manifest.lock */,
				00E356EA1AD99517003FC87E /* Sources */,
				00E356EB1AD99517003FC87E /* Frameworks */,
				00E356EC1AD99517003FC87E /* Resources */,
				C9BF44E351D9C0B9A9A5DEF0 /* [CP] Embed Pods Frameworks */,
				B0DA02F6888333E07CEC25B3 /* [CP] Copy Pods Resources */,
			);
			buildRules = (
			);
			dependencies = (
				00E356F51AD99517003FC87E /* PBXTargetDependency */,
			);
			name = PetsPlanetTests;
			productName = PetsPlanetTests;
			productReference = 00E356EE1AD99517003FC87E /* PetsPlanetTests.xctest */;
			productType = "com.apple.product-type.bundle.unit-test";
		};
		13B07F861A680F5B00A75B9A /* PetsPlanet */ = {
			isa = PBXNativeTarget;
			buildConfigurationList = 13B07F931A680F5B00A75B9A /* Build configuration list for PBXNativeTarget "PetsPlanet" */;
			buildPhases = (
				F9354738FBA033CE6E7F9238 /* [CP] Check Pods Manifest.lock */,
				FD10A7F022414F080027D42C /* Start Packager */,
				13B07F871A680F5B00A75B9A /* Sources */,
				13B07F8C1A680F5B00A75B9A /* Frameworks */,
				13B07F8E1A680F5B00A75B9A /* Resources */,
				00DD1BFF1BD5951E006B06BC /* Bundle React Native code and images */,
				7E2F68BF22AA47830959B6C0 /* [CP] Embed Pods Frameworks */,
				9A46CC5B79352A2EC83C9432 /* [CP] Copy Pods Resources */,
			);
			buildRules = (
			);
			dependencies = (
			);
			name = PetsPlanet;
			productName = PetsPlanet;
			productReference = 13B07F961A680F5B00A75B9A /* PetsPlanet.app */;
			productType = "com.apple.product-type.application";
		};
/* End PBXNativeTarget section */

/* Begin PBXProject section */
		83CBB9F71A601CBA00E9B192 /* Project object */ = {
			isa = PBXProject;
			attributes = {
				LastUpgradeCheck = 1210;
				TargetAttributes = {
					00E356ED1AD99517003FC87E = {
						CreatedOnToolsVersion = 6.2;
						TestTargetID = 13B07F861A680F5B00A75B9A;
					};
					13B07F861A680F5B00A75B9A = {
						LastSwiftMigration = 1120;
					};
				};
			};
			buildConfigurationList = 83CBB9FA1A601CBA00E9B192 /* Build configuration list for PBXProject "PetsPlanet" */;
			compatibilityVersion = "Xcode 12.0";
			developmentRegion = en;
			hasScannedForEncodings = 0;
			knownRegions = (
				en,
				Base,
			);
			mainGroup = 83CBB9F61A601CBA00E9B192;
			productRefGroup = 83CBBA001A601CBA00E9B192 /* Products */;
			projectDirPath = "";
			projectRoot = "";
			targets = (
				13B07F861A680F5B00A75B9A /* PetsPlanet */,
				00E356ED1AD99517003FC87E /* PetsPlanetTests */,
			);
		};
/* End PBXProject section */

/* Begin PBXResourcesBuildPhase section */
		00E356EC1AD99517003FC87E /* Resources */ = {
			isa = PBXResourcesBuildPhase;
			buildActionMask = 2147483647;
			files = (
			);
			runOnlyForDeploymentPostprocessing = 0;
		};
		13B07F8E1A680F5B00A75B9A /* Resources */ = {
			isa = PBXResourcesBuildPhase;
			buildActionMask = 2147483647;
			files = (
				8812A91D291D006100CE8B78 /* Lato-Hairline.ttf in Resources */,
				8812A923291D006100CE8B78 /* Lato-Light.ttf in Resources */,
				8812A915291D006100CE8B78 /* Lato-Medium.ttf in Resources */,
				8812A91C291D006100CE8B78 /* Lato-ThinItalic.ttf in Resources */,
				8812A917291D006100CE8B78 /* Lato-Italic.ttf in Resources */,
				8812A91A291D006100CE8B78 /* Lato-HairlineItalic.ttf in Resources */,
				8812A91F291D006100CE8B78 /* Lato-SemiboldItalic.ttf in Resources */,
				81AB9BB82411601600AC10FF /* LaunchScreen.storyboard in Resources */,
				8812A922291D006100CE8B78 /* Lato-Bold.ttf in Resources */,
				8812A924291D006100CE8B78 /* Lato-MediumItalic.ttf in Resources */,
				8812A919291D006100CE8B78 /* Lato-BoldItalic.ttf in Resources */,
				8812A916291D006100CE8B78 /* Lato-BlackItalic.ttf in Resources */,
				8812A920291D006100CE8B78 /* Lato-Thin.ttf in Resources */,
				8812A918291D006100CE8B78 /* Lato-Black.ttf in Resources */,
				8812A914291D006100CE8B78 /* Lato-Semibold.ttf in Resources */,
				8812A913291D006100CE8B78 /* Lato-LightItalic.ttf in Resources */,
				13B07FBF1A68108700A75B9A /* Images.xcassets in Resources */,
				8812A91E291D006100CE8B78 /* Lato-HeavyItalic.ttf in Resources */,
				8812A91B291D006100CE8B78 /* Lato-Heavy.ttf in Resources */,
				8812A921291D006100CE8B78 /* Lato-Regular.ttf in Resources */,
			);
			runOnlyForDeploymentPostprocessing = 0;
		};
/* End PBXResourcesBuildPhase section */

/* Begin PBXShellScriptBuildPhase section */
		00DD1BFF1BD5951E006B06BC /* Bundle React Native code and images */ = {
			isa = PBXShellScriptBuildPhase;
			buildActionMask = 2147483647;
			files = (
			);
			inputPaths = (
			);
			name = "Bundle React Native code and images";
			outputPaths = (
			);
			runOnlyForDeploymentPostprocessing = 0;
			shellPath = /bin/sh;
			shellScript = "set -e\n\nexport NODE_BINARY=/Users/macbookpro/.nvm/versions/node/v21.2.0/bin/node\n../node_modules/react-native/scripts/react-native-xcode.sh\n";
		};
		7E2F68BF22AA47830959B6C0 /* [CP] Embed Pods Frameworks */ = {
			isa = PBXShellScriptBuildPhase;
			buildActionMask = 2147483647;
			files = (
			);
			inputFileListPaths = (
				"${PODS_ROOT}/Target Support Files/Pods-PetsPlanet/Pods-PetsPlanet-frameworks-${CONFIGURATION}-input-files.xcfilelist",
			);
			name = "[CP] Embed Pods Frameworks";
			outputFileListPaths = (
				"${PODS_ROOT}/Target Support Files/Pods-PetsPlanet/Pods-PetsPlanet-frameworks-${CONFIGURATION}-output-files.xcfilelist",
			);
			runOnlyForDeploymentPostprocessing = 0;
			shellPath = /bin/sh;
			shellScript = "\"${PODS_ROOT}/Target Support Files/Pods-PetsPlanet/Pods-PetsPlanet-frameworks.sh\"\n";
			showEnvVarsInLog = 0;
		};
		9A46CC5B79352A2EC83C9432 /* [CP] Copy Pods Resources */ = {
			isa = PBXShellScriptBuildPhase;
			buildActionMask = 2147483647;
			files = (
			);
			inputFileListPaths = (
				"${PODS_ROOT}/Target Support Files/Pods-PetsPlanet/Pods-PetsPlanet-resources-${CONFIGURATION}-input-files.xcfilelist",
			);
			name = "[CP] Copy Pods Resources";
			outputFileListPaths = (
				"${PODS_ROOT}/Target Support Files/Pods-PetsPlanet/Pods-PetsPlanet-resources-${CONFIGURATION}-output-files.xcfilelist",
			);
			runOnlyForDeploymentPostprocessing = 0;
			shellPath = /bin/sh;
			shellScript = "\"${PODS_ROOT}/Target Support Files/Pods-PetsPlanet/Pods-PetsPlanet-resources.sh\"\n";
			showEnvVarsInLog = 0;
		};
		B0DA02F6888333E07CEC25B3 /* [CP] Copy Pods Resources */ = {
			isa = PBXShellScriptBuildPhase;
			buildActionMask = 2147483647;
			files = (
			);
			inputFileListPaths = (
				"${PODS_ROOT}/Target Support Files/Pods-PetsPlanet-PetsPlanetTests/Pods-PetsPlanet-PetsPlanetTests-resources-${CONFIGURATION}-input-files.xcfilelist",
			);
			name = "[CP] Copy Pods Resources";
			outputFileListPaths = (
				"${PODS_ROOT}/Target Support Files/Pods-PetsPlanet-PetsPlanetTests/Pods-PetsPlanet-PetsPlanetTests-resources-${CONFIGURATION}-output-files.xcfilelist",
			);
			runOnlyForDeploymentPostprocessing = 0;
			shellPath = /bin/sh;
			shellScript = "\"${PODS_ROOT}/Target Support Files/Pods-PetsPlanet-PetsPlanetTests/Pods-PetsPlanet-PetsPlanetTests-resources.sh\"\n";
			showEnvVarsInLog = 0;
		};
		C9BF44E351D9C0B9A9A5DEF0 /* [CP] Embed Pods Frameworks */ = {
			isa = PBXShellScriptBuildPhase;
			buildActionMask = 2147483647;
			files = (
			);
			inputFileListPaths = (
				"${PODS_ROOT}/Target Support Files/Pods-PetsPlanet-PetsPlanetTests/Pods-PetsPlanet-PetsPlanetTests-frameworks-${CONFIGURATION}-input-files.xcfilelist",
			);
			name = "[CP] Embed Pods Frameworks";
			outputFileListPaths = (
				"${PODS_ROOT}/Target Support Files/Pods-PetsPlanet-PetsPlanetTests/Pods-PetsPlanet-PetsPlanetTests-frameworks-${CONFIGURATION}-output-files.xcfilelist",
			);
			runOnlyForDeploymentPostprocessing = 0;
			shellPath = /bin/sh;
			shellScript = "\"${PODS_ROOT}/Target Support Files/Pods-PetsPlanet-PetsPlanetTests/Pods-PetsPlanet-PetsPlanetTests-frameworks.sh\"\n";
			showEnvVarsInLog = 0;
		};
		DA241AB8E47A1432E3812E13 /* [CP] Check Pods Manifest.lock */ = {
			isa = PBXShellScriptBuildPhase;
			buildActionMask = 2147483647;
			files = (
			);
			inputFileListPaths = (
			);
			inputPaths = (
				"${PODS_PODFILE_DIR_PATH}/Podfile.lock",
				"${PODS_ROOT}/Manifest.lock",
			);
			name = "[CP] Check Pods Manifest.lock";
			outputFileListPaths = (
			);
			outputPaths = (
				"$(DERIVED_FILE_DIR)/Pods-PetsPlanet-PetsPlanetTests-checkManifestLockResult.txt",
			);
			runOnlyForDeploymentPostprocessing = 0;
			shellPath = /bin/sh;
			shellScript = "diff \"${PODS_PODFILE_DIR_PATH}/Podfile.lock\" \"${PODS_ROOT}/Manifest.lock\" > /dev/null\nif [ $? != 0 ] ; then\n    # print error to STDERR\n    echo \"error: The sandbox is not in sync with the Podfile.lock. Run 'pod install' or update your CocoaPods installation.\" >&2\n    exit 1\nfi\n# This output is used by Xcode 'outputs' to avoid re-running this script phase.\necho \"SUCCESS\" > \"${SCRIPT_OUTPUT_FILE_0}\"\n";
			showEnvVarsInLog = 0;
		};
		F9354738FBA033CE6E7F9238 /* [CP] Check Pods Manifest.lock */ = {
			isa = PBXShellScriptBuildPhase;
			buildActionMask = 2147483647;
			files = (
			);
			inputFileListPaths = (
			);
			inputPaths = (
				"${PODS_PODFILE_DIR_PATH}/Podfile.lock",
				"${PODS_ROOT}/Manifest.lock",
			);
			name = "[CP] Check Pods Manifest.lock";
			outputFileListPaths = (
			);
			outputPaths = (
				"$(DERIVED_FILE_DIR)/Pods-PetsPlanet-checkManifestLockResult.txt",
			);
			runOnlyForDeploymentPostprocessing = 0;
			shellPath = /bin/sh;
			shellScript = "diff \"${PODS_PODFILE_DIR_PATH}/Podfile.lock\" \"${PODS_ROOT}/Manifest.lock\" > /dev/null\nif [ $? != 0 ] ; then\n    # print error to STDERR\n    echo \"error: The sandbox is not in sync with the Podfile.lock. Run 'pod install' or update your CocoaPods installation.\" >&2\n    exit 1\nfi\n# This output is used by Xcode 'outputs' to avoid re-running this script phase.\necho \"SUCCESS\" > \"${SCRIPT_OUTPUT_FILE_0}\"\n";
			showEnvVarsInLog = 0;
		};
		FD10A7F022414F080027D42C /* Start Packager */ = {
			isa = PBXShellScriptBuildPhase;
			buildActionMask = 2147483647;
			files = (
			);
			inputFileListPaths = (
			);
			inputPaths = (
			);
			name = "Start Packager";
			outputFileListPaths = (
			);
			outputPaths = (
			);
			runOnlyForDeploymentPostprocessing = 0;
			shellPath = /bin/sh;
			shellScript = "export RCT_METRO_PORT=\"${RCT_METRO_PORT:=8081}\"\necho \"export RCT_METRO_PORT=${RCT_METRO_PORT}\" > \"${SRCROOT}/../node_modules/react-native/scripts/.packager.env\"\nif [ -z \"${RCT_NO_LAUNCH_PACKAGER+xxx}\" ] ; then\n  if nc -w 5 -z localhost ${RCT_METRO_PORT} ; then\n    if ! curl -s \"http://localhost:${RCT_METRO_PORT}/status\" | grep -q \"packager-status:running\" ; then\n      echo \"Port ${RCT_METRO_PORT} already in use, packager is either not running or not running correctly\"\n      exit 2\n    fi\n  else\n    open \"$SRCROOT/../node_modules/react-native/scripts/launchPackager.command\" || echo \"Can't start packager automatically\"\n  fi\nfi\n";
			showEnvVarsInLog = 0;
		};
/* End PBXShellScriptBuildPhase section */

/* Begin PBXSourcesBuildPhase section */
		00E356EA1AD99517003FC87E /* Sources */ = {
			isa = PBXSourcesBuildPhase;
			buildActionMask = 2147483647;
			files = (
				00E356F31AD99517003FC87E /* PetsPlanetTests.m in Sources */,
			);
			runOnlyForDeploymentPostprocessing = 0;
		};
		13B07F871A680F5B00A75B9A /* Sources */ = {
			isa = PBXSourcesBuildPhase;
			buildActionMask = 2147483647;
			files = (
				13B07FBC1A68108700A75B9A /* AppDelegate.m in Sources */,
				13B07FC11A68108700A75B9A /* main.m in Sources */,
			);
			runOnlyForDeploymentPostprocessing = 0;
		};
/* End PBXSourcesBuildPhase section */

/* Begin PBXTargetDependency section */
		00E356F51AD99517003FC87E /* PBXTargetDependency */ = {
			isa = PBXTargetDependency;
			target = 13B07F861A680F5B00A75B9A /* PetsPlanet */;
			targetProxy = 00E356F41AD99517003FC87E /* PBXContainerItemProxy */;
		};
/* End PBXTargetDependency section */

/* Begin XCBuildConfiguration section */
		00E356F61AD99517003FC87E /* Debug */ = {
			isa = XCBuildConfiguration;
			baseConfigurationReference = 0FC24971D5D8775EC52FDB00 /* Pods-PetsPlanet-PetsPlanetTests.debug.xcconfig */;
			buildSettings = {
				BUNDLE_LOADER = "$(TEST_HOST)";
				GCC_PREPROCESSOR_DEFINITIONS = (
					"DEBUG=1",
					"$(inherited)",
				);
				INFOPLIST_FILE = PetsPlanetTests/Info.plist;
				IPHONEOS_DEPLOYMENT_TARGET = 11.0;
				LD_RUNPATH_SEARCH_PATHS = (
					"$(inherited)",
					"@executable_path/Frameworks",
					"@loader_path/Frameworks",
				);
				OTHER_LDFLAGS = (
					"-ObjC",
					"-lc++",
					"$(inherited)",
				);
				PRODUCT_BUNDLE_IDENTIFIER = "org.reactjs.native.example.$(PRODUCT_NAME:rfc1034identifier)";
				PRODUCT_NAME = "$(TARGET_NAME)";
				TEST_HOST = "$(BUILT_PRODUCTS_DIR)/PetsPlanet.app/PetsPlanet";
			};
			name = Debug;
		};
		00E356F71AD99517003FC87E /* Release */ = {
			isa = XCBuildConfiguration;
			baseConfigurationReference = 14AB677D74B6B9E366077BB4 /* Pods-PetsPlanet-PetsPlanetTests.release.xcconfig */;
			buildSettings = {
				BUNDLE_LOADER = "$(TEST_HOST)";
				COPY_PHASE_STRIP = NO;
				INFOPLIST_FILE = PetsPlanetTests/Info.plist;
				IPHONEOS_DEPLOYMENT_TARGET = 11.0;
				LD_RUNPATH_SEARCH_PATHS = (
					"$(inherited)",
					"@executable_path/Frameworks",
					"@loader_path/Frameworks",
				);
				OTHER_LDFLAGS = (
					"-ObjC",
					"-lc++",
					"$(inherited)",
				);
				PRODUCT_BUNDLE_IDENTIFIER = "org.reactjs.native.example.$(PRODUCT_NAME:rfc1034identifier)";
				PRODUCT_NAME = "$(TARGET_NAME)";
				TEST_HOST = "$(BUILT_PRODUCTS_DIR)/PetsPlanet.app/PetsPlanet";
			};
			name = Release;
		};
		13B07F941A680F5B00A75B9A /* Debug */ = {
			isa = XCBuildConfiguration;
			baseConfigurationReference = 2DCDFA367B238E5127A3D8E3 /* Pods-PetsPlanet.debug.xcconfig */;
			buildSettings = {
				ASSETCATALOG_COMPILER_APPICON_NAME = AppIcon;
				ASSETCATALOG_COMPILER_INCLUDE_ALL_APPICON_ASSETS = NO;
				CLANG_ENABLE_MODULES = YES;
				CURRENT_PROJECT_VERSION = 1;
				DEVELOPMENT_TEAM = UD6DNARCYD;
				ENABLE_BITCODE = NO;
				INFOPLIST_FILE = PetsPlanet/Info.plist;
				IPHONEOS_DEPLOYMENT_TARGET = 12.4;
				LD_RUNPATH_SEARCH_PATHS = (
					"$(inherited)",
					"@executable_path/Frameworks",
				);
				OTHER_LDFLAGS = (
					"$(inherited)",
					"-ObjC",
					"-lc++",
				);
				PRODUCT_BUNDLE_IDENTIFIER = "org.reactjs.native.example.$(PRODUCT_NAME:rfc1034identifier)";
				PRODUCT_NAME = PetsPlanet;
				SWIFT_OPTIMIZATION_LEVEL = "-Onone";
				SWIFT_VERSION = 5.0;
				VERSIONING_SYSTEM = "apple-generic";
			};
			name = Debug;
		};
		13B07F951A680F5B00A75B9A /* Release */ = {
			isa = XCBuildConfiguration;
			baseConfigurationReference = 953CBC4CEF858A45346E76EF /* Pods-PetsPlanet.release.xcconfig */;
			buildSettings = {
				ASSETCATALOG_COMPILER_APPICON_NAME = AppIcon;
				ASSETCATALOG_COMPILER_INCLUDE_ALL_APPICON_ASSETS = NO;
				CLANG_ENABLE_MODULES = YES;
				CURRENT_PROJECT_VERSION = 1;
				DEVELOPMENT_TEAM = UD6DNARCYD;
				INFOPLIST_FILE = PetsPlanet/Info.plist;
				IPHONEOS_DEPLOYMENT_TARGET = 12.4;
				LD_RUNPATH_SEARCH_PATHS = (
					"$(inherited)",
					"@executable_path/Frameworks",
				);
				OTHER_LDFLAGS = (
					"$(inherited)",
					"-ObjC",
					"-lc++",
				);
				PRODUCT_BUNDLE_IDENTIFIER = "org.reactjs.native.example.$(PRODUCT_NAME:rfc1034identifier)";
				PRODUCT_NAME = PetsPlanet;
				SWIFT_VERSION = 5.0;
				VERSIONING_SYSTEM = "apple-generic";
			};
			name = Release;
		};
		83CBBA201A601CBA00E9B192 /* Debug */ = {
			isa = XCBuildConfiguration;
			buildSettings = {
				ALWAYS_SEARCH_USER_PATHS = NO;
				CLANG_ANALYZER_LOCALIZABILITY_NONLOCALIZED = YES;
				CLANG_CXX_LANGUAGE_STANDARD = "c++17";
				CLANG_CXX_LIBRARY = "libc++";
				CLANG_ENABLE_MODULES = YES;
				CLANG_ENABLE_OBJC_ARC = YES;
				CLANG_WARN_BLOCK_CAPTURE_AUTORELEASING = YES;
				CLANG_WARN_BOOL_CONVERSION = YES;
				CLANG_WARN_COMMA = YES;
				CLANG_WARN_CONSTANT_CONVERSION = YES;
				CLANG_WARN_DEPRECATED_OBJC_IMPLEMENTATIONS = YES;
				CLANG_WARN_DIRECT_OBJC_ISA_USAGE = YES_ERROR;
				CLANG_WARN_EMPTY_BODY = YES;
				CLANG_WARN_ENUM_CONVERSION = YES;
				CLANG_WARN_INFINITE_RECURSION = YES;
				CLANG_WARN_INT_CONVERSION = YES;
				CLANG_WARN_NON_LITERAL_NULL_CONVERSION = YES;
				CLANG_WARN_OBJC_IMPLICIT_RETAIN_SELF = YES;
				CLANG_WARN_OBJC_LITERAL_CONVERSION = YES;
				CLANG_WARN_OBJC_ROOT_CLASS = YES_ERROR;
				CLANG_WARN_QUOTED_INCLUDE_IN_FRAMEWORK_HEADER = YES;
				CLANG_WARN_RANGE_LOOP_ANALYSIS = YES;
				CLANG_WARN_STRICT_PROTOTYPES = YES;
				CLANG_WARN_SUSPICIOUS_MOVE = YES;
				CLANG_WARN_UNREACHABLE_CODE = YES;
				CLANG_WARN__DUPLICATE_METHOD_MATCH = YES;
				"CODE_SIGN_IDENTITY[sdk=iphoneos*]" = "iPhone Developer";
				COPY_PHASE_STRIP = NO;
				ENABLE_STRICT_OBJC_MSGSEND = YES;
				ENABLE_TESTABILITY = YES;
				"EXCLUDED_ARCHS[sdk=iphonesimulator*]" = "";
				GCC_C_LANGUAGE_STANDARD = gnu99;
				GCC_DYNAMIC_NO_PIC = NO;
				GCC_NO_COMMON_BLOCKS = YES;
				GCC_OPTIMIZATION_LEVEL = 0;
				GCC_PREPROCESSOR_DEFINITIONS = (
					"DEBUG=1",
					"$(inherited)",
					_LIBCPP_ENABLE_CXX17_REMOVED_UNARY_BINARY_FUNCTION,
				);
				GCC_SYMBOLS_PRIVATE_EXTERN = NO;
				GCC_WARN_64_TO_32_BIT_CONVERSION = YES;
				GCC_WARN_ABOUT_RETURN_TYPE = YES_ERROR;
				GCC_WARN_UNDECLARED_SELECTOR = YES;
				GCC_WARN_UNINITIALIZED_AUTOS = YES_AGGRESSIVE;
				GCC_WARN_UNUSED_FUNCTION = YES;
				GCC_WARN_UNUSED_VARIABLE = YES;
				IPHONEOS_DEPLOYMENT_TARGET = 11.0;
				LD_RUNPATH_SEARCH_PATHS = (
					/usr/lib/swift,
					"$(inherited)",
				);
				LIBRARY_SEARCH_PATHS = (
					"\"$(SDKROOT)/usr/lib/swift\"",
					"\"$(TOOLCHAIN_DIR)/usr/lib/swift/$(PLATFORM_NAME)\"",
					"\"$(inherited)\"",
				);
				MTL_ENABLE_DEBUG_INFO = YES;
				ONLY_ACTIVE_ARCH = YES;
				OTHER_CFLAGS = "$(inherited)";
				OTHER_CPLUSPLUSFLAGS = "$(inherited)";
				OTHER_LDFLAGS = (
					"$(inherited)",
					"-Wl",
					"-ld_classic",
				);
				REACT_NATIVE_PATH = "${PODS_ROOT}/../../node_modules/react-native";
				SDKROOT = iphoneos;
			};
			name = Debug;
		};
		83CBBA211A601CBA00E9B192 /* Release */ = {
			isa = XCBuildConfiguration;
			buildSettings = {
				ALWAYS_SEARCH_USER_PATHS = NO;
				CLANG_ANALYZER_LOCALIZABILITY_NONLOCALIZED = YES;
				CLANG_CXX_LANGUAGE_STANDARD = "c++17";
				CLANG_CXX_LIBRARY = "libc++";
				CLANG_ENABLE_MODULES = YES;
				CLANG_ENABLE_OBJC_ARC = YES;
				CLANG_WARN_BLOCK_CAPTURE_AUTORELEASING = YES;
				CLANG_WARN_BOOL_CONVERSION = YES;
				CLANG_WARN_COMMA = YES;
				CLANG_WARN_CONSTANT_CONVERSION = YES;
				CLANG_WARN_DEPRECATED_OBJC_IMPLEMENTATIONS = YES;
				CLANG_WARN_DIRECT_OBJC_ISA_USAGE = YES_ERROR;
				CLANG_WARN_EMPTY_BODY = YES;
				CLANG_WARN_ENUM_CONVERSION = YES;
				CLANG_WARN_INFINITE_RECURSION = YES;
				CLANG_WARN_INT_CONVERSION = YES;
				CLANG_WARN_NON_LITERAL_NULL_CONVERSION = YES;
				CLANG_WARN_OBJC_IMPLICIT_RETAIN_SELF = YES;
				CLANG_WARN_OBJC_LITERAL_CONVERSION = YES;
				CLANG_WARN_OBJC_ROOT_CLASS = YES_ERROR;
				CLANG_WARN_QUOTED_INCLUDE_IN_FRAMEWORK_HEADER = YES;
				CLANG_WARN_RANGE_LOOP_ANALYSIS = YES;
				CLANG_WARN_STRICT_PROTOTYPES = YES;
				CLANG_WARN_SUSPICIOUS_MOVE = YES;
				CLANG_WARN_UNREACHABLE_CODE = YES;
				CLANG_WARN__DUPLICATE_METHOD_MATCH = YES;
				"CODE_SIGN_IDENTITY[sdk=iphoneos*]" = "iPhone Developer";
				COPY_PHASE_STRIP = YES;
				ENABLE_NS_ASSERTIONS = NO;
				ENABLE_STRICT_OBJC_MSGSEND = YES;
				"EXCLUDED_ARCHS[sdk=iphonesimulator*]" = "";
				GCC_C_LANGUAGE_STANDARD = gnu99;
				GCC_NO_COMMON_BLOCKS = YES;
				GCC_PREPROCESSOR_DEFINITIONS = (
					"$(inherited)",
					_LIBCPP_ENABLE_CXX17_REMOVED_UNARY_BINARY_FUNCTION,
				);
				GCC_WARN_64_TO_32_BIT_CONVERSION = YES;
				GCC_WARN_ABOUT_RETURN_TYPE = YES_ERROR;
				GCC_WARN_UNDECLARED_SELECTOR = YES;
				GCC_WARN_UNINITIALIZED_AUTOS = YES_AGGRESSIVE;
				GCC_WARN_UNUSED_FUNCTION = YES;
				GCC_WARN_UNUSED_VARIABLE = YES;
				IPHONEOS_DEPLOYMENT_TARGET = 11.0;
				LD_RUNPATH_SEARCH_PATHS = (
					/usr/lib/swift,
					"$(inherited)",
				);
				LIBRARY_SEARCH_PATHS = (
					"\"$(SDKROOT)/usr/lib/swift\"",
					"\"$(TOOLCHAIN_DIR)/usr/lib/swift/$(PLATFORM_NAME)\"",
					"\"$(inherited)\"",
				);
				MTL_ENABLE_DEBUG_INFO = NO;
				OTHER_CFLAGS = "$(inherited)";
				OTHER_CPLUSPLUSFLAGS = "$(inherited)";
				OTHER_LDFLAGS = (
					"$(inherited)",
					"-Wl",
					"-ld_classic",
				);
				REACT_NATIVE_PATH = "${PODS_ROOT}/../../node_modules/react-native";
				SDKROOT = iphoneos;
				VALIDATE_PRODUCT = YES;
			};
			name = Release;
		};
/* End XCBuildConfiguration section */

/* Begin XCConfigurationList section */
		00E357021AD99517003FC87E /* Build configuration list for PBXNativeTarget "PetsPlanetTests" */ = {
			isa = XCConfigurationList;
			buildConfigurations = (
				00E356F61AD99517003FC87E /* Debug */,
				00E356F71AD99517003FC87E /* Release */,
			);
			defaultConfigurationIsVisible = 0;
			defaultConfigurationName = Release;
		};
		13B07F931A680F5B00A75B9A /* Build configuration list for PBXNativeTarget "PetsPlanet" */ = {
			isa = XCConfigurationList;
			buildConfigurations = (
				13B07F941A680F5B00A75B9A /* Debug */,
				13B07F951A680F5B00A75B9A /* Release */,
			);
			defaultConfigurationIsVisible = 0;
			defaultConfigurationName = Release;
		};
		83CBB9FA1A601CBA00E9B192 /* Build configuration list for PBXProject "PetsPlanet" */ = {
			isa = XCConfigurationList;
			buildConfigurations = (
				83CBBA201A601CBA00E9B192 /* Debug */,
				83CBBA211A601CBA00E9B192 /* Release */,
			);
			defaultConfigurationIsVisible = 0;
			defaultConfigurationName = Release;
		};
/* End XCConfigurationList section */
	};
	rootObject = 83CBB9F71A601CBA00E9B192 /* Project object */;
}
